
Microsoft Visual Studio Solution File, Format Version 12.00
# Visual Studio Version 17
VisualStudioVersion = 17.5.33424.131
MinimumVisualStudioVersion = 10.0.40219.1
Project("{FAE04EC0-301F-11D3-BF4B-00C04F79EFBC}") = "Buoi 6 Bai 2", "Buoi 6 Bai 2\Buoi 6 Bai 2.csproj", "{1F02847B-5CB2-48BC-BB13-4BD74B79D2ED}"
EndProject
Project("{FAE04EC0-301F-11D3-BF4B-00C04F79EFBC}") = "Buoi 6 Bai 3", "Buoi 6 Bai 3\Buoi 6 Bai 3.csproj", "{4792334E-B6ED-435B-97F7-3167D531BE01}"
EndProject
Project("{FAE04EC0-301F-11D3-BF4B-00C04F79EFBC}") = "Buoi 6 Bai 4", "Buoi 6 Bai 4\Buoi 6 Bai 4.csproj", "{BF0DCAAD-BE64-419A-8E5C-D1EE9B496465}"
EndProject
Project("{FAE04EC0-301F-11D3-BF4B-00C04F79EFBC}") = "Buoi 6 Bai 5", "Buoi 6 Bai 5\Buoi 6 Bai 5.csproj", "{0EB3CB7F-C760-40E7-99AF-364139AE2CDF}"
EndProject
Project("{FAE04EC0-301F-11D3-BF4B-00C04F79EFBC}") = "Buoi 7 Bai 1", "Buoi 7 Bai 1\Buoi 7 Bai 1.csproj", "{F7BFD90F-1EE4-4FB2-97F7-F96D1A46C2FF}"
EndProject
Project("{FAE04EC0-301F-11D3-BF4B-00C04F79EFBC}") = "Buoi 7 Bai 2", "Buoi 7 Bai 2\Buoi 7 Bai 2.csproj", "{BFA0CAA7-C190-485A-8F11-0AAAACC0BD4C}"
EndProject
Project("{FAE04EC0-301F-11D3-BF4B-00C04F79EFBC}") = "Buoi 8 Bai 1", "Buoi 8 Bai 1\Buoi 8 Bai 1.csproj", "{8127B601-44DA-4F19-849C-1884EE916724}"
EndProject
Project("{FAE04EC0-301F-11D3-BF4B-00C04F79EFBC}") = "Buoi 8 Bai 2", "Buoi 8 Bai 2\Buoi 8 Bai 2.csproj", "{5C079150-17DF-4C58-B92F-D4D71A740B1D}"
EndProject
Project("{FAE04EC0-301F-11D3-BF4B-00C04F79EFBC}") = "Buoi 9 Bai 1", "Buoi 9 Bai 1\Buoi 9 Bai 1.csproj", "{96230E3A-047F-4E43-9D48-1205EAA69FDC}"
EndProject
Project("{FAE04EC0-301F-11D3-BF4B-00C04F79EFBC}") = "Buoi 9 Bai 2", "Buoi 9 Bai 2\Buoi 9 Bai 2.csproj", "{2BBD34D7-5884-4E4B-8A21-01653FACB424}"
EndProject
Project("{FAE04EC0-301F-11D3-BF4B-00C04F79EFBC}") = "Buoi 6 Bai 1", "Buoi 6 Bai 1\Buoi 6 Bai 1.csproj", "{4B40674E-6F5E-4E2D-9308-C0D77F0C7C0D}"
EndProject
Project("{FAE04EC0-301F-11D3-BF4B-00C04F79EFBC}") = "Buoi 1 Bai 1", "Buoi 1 Bai 1\Buoi 1 Bai 1.csproj", "{E278B9AC-07DC-428A-88F4-8D7F85E7497F}"
EndProject
Project("{FAE04EC0-301F-11D3-BF4B-00C04F79EFBC}") = "Buoi 1 Bai 2", "Buoi 1 Bai 2\Buoi 1 Bai 2.csproj", "{83D749A4-7187-4C43-A9C8-B2A5D04C1765}"
EndProject
Project("{FAE04EC0-301F-11D3-BF4B-00C04F79EFBC}") = "Buoi 1 Bai 3", "Buoi 1 Bai 3\Buoi 1 Bai 3.csproj", "{6A44783E-2092-41D3-8689-466A96CA7A41}"
EndProject
Project("{FAE04EC0-301F-11D3-BF4B-00C04F79EFBC}") = "Buoi 1 Bai 4", "Buoi 1 Bai 4\Buoi 1 Bai 4.csproj", "{DAC9DABB-0EA1-47D0-8FD2-867AE4134F29}"
EndProject
Project("{FAE04EC0-301F-11D3-BF4B-00C04F79EFBC}") = "Buoi 1 Bai 5", "Buoi 1 Bai 5\Buoi 1 Bai 5.csproj", "{B2B996C6-4FB2-4231-8CB8-0AAA1D9C9290}"
EndProject
Project("{FAE04EC0-301F-11D3-BF4B-00C04F79EFBC}") = "Buoi 1 Bai 6", "Buoi 1 Bai 6\Buoi 1 Bai 6.csproj", "{A44C534E-03B4-42B7-819D-3E2ED76065D9}"
EndProject
Project("{FAE04EC0-301F-11D3-BF4B-00C04F79EFBC}") = "Buoi 1 bai 7", "Buoi 1 bai 7\Buoi 1 bai 7.csproj", "{C02D2094-0268-4F15-A338-5801F8ED4544}"
EndProject
Project("{FAE04EC0-301F-11D3-BF4B-00C04F79EFBC}") = "Buoi 2 Bai 1", "Buoi 2 bai 1\Buoi 2 Bai 1.csproj", "{31974445-929D-41BF-9002-F48FCAC7A5ED}"
EndProject
Project("{FAE04EC0-301F-11D3-BF4B-00C04F79EFBC}") = "Buoi 2 Bai 2", "Buoi 2 Bai 2\Buoi 2 Bai 2.csproj", "{735D6763-F15C-480E-B8B6-0103327A4A7F}"
EndProject
Project("{FAE04EC0-301F-11D3-BF4B-00C04F79EFBC}") = "Buoi 2 Bai 3", "Buoi 2 Bai 3\Buoi 2 Bai 3.csproj", "{C7F8FD0F-D9B7-49AA-AF5A-966F38577DC1}"
EndProject
Project("{FAE04EC0-301F-11D3-BF4B-00C04F79EFBC}") = "MaTran", "MaTran\MaTran.csproj", "{882AC249-7EB8-4971-B786-EA04A1FA1C84}"
EndProject
Project("{FAE04EC0-301F-11D3-BF4B-00C04F79EFBC}") = "NhanVien", "NhanVien\NhanVien.csproj", "{22E8363E-6FD9-4A88-9D19-E5001E81E2E9}"
EndProject
Project("{FAE04EC0-301F-11D3-BF4B-00C04F79EFBC}") = "Test", "Test\Test.csproj", "{E3070AAB-B394-4E3F-9AEC-C61B10F5EC04}"
EndProject
Project("{FAE04EC0-301F-11D3-BF4B-00C04F79EFBC}") = "Buoi 2 Bai 4", "Buoi 2 Bai 4\Buoi 2 Bai 4.csproj", "{11CEC2B9-56CC-4A42-8A4A-1D4632BFB9DF}"
EndProject
Project("{FAE04EC0-301F-11D3-BF4B-00C04F79EFBC}") = "Buoi 2 Bai 5", "Buoi 2 Bai 5\Buoi 2 Bai 5.csproj", "{A9907849-5B30-483E-8163-3BB75B5F3EFF}"
EndProject
Project("{FAE04EC0-301F-11D3-BF4B-00C04F79EFBC}") = "Buoi 2 Bai 6", "Buoi 2 Bai 6\Buoi 2 Bai 6.csproj", "{105083BC-538B-4C6F-9788-F3AA96FE32E6}"
EndProject
Project("{FAE04EC0-301F-11D3-BF4B-00C04F79EFBC}") = "Buoi 2 Bai 7", "Buoi 2 Bai 7\Buoi 2 Bai 7.csproj", "{A22C0B0F-3C14-4E9D-A98B-8A85EF70849D}"
EndProject
Global
	GlobalSection(SolutionConfigurationPlatforms) = preSolution
		Debug|Any CPU = Debug|Any CPU
		Release|Any CPU = Release|Any CPU
	EndGlobalSection
	GlobalSection(ProjectConfigurationPlatforms) = postSolution
		{1F02847B-5CB2-48BC-BB13-4BD74B79D2ED}.Debug|Any CPU.ActiveCfg = Debug|Any CPU
		{1F02847B-5CB2-48BC-BB13-4BD74B79D2ED}.Debug|Any CPU.Build.0 = Debug|Any CPU
		{1F02847B-5CB2-48BC-BB13-4BD74B79D2ED}.Release|Any CPU.ActiveCfg = Release|Any CPU
		{1F02847B-5CB2-48BC-BB13-4BD74B79D2ED}.Release|Any CPU.Build.0 = Release|Any CPU
		{4792334E-B6ED-435B-97F7-3167D531BE01}.Debug|Any CPU.ActiveCfg = Debug|Any CPU
		{4792334E-B6ED-435B-97F7-3167D531BE01}.Debug|Any CPU.Build.0 = Debug|Any CPU
		{4792334E-B6ED-435B-97F7-3167D531BE01}.Release|Any CPU.ActiveCfg = Release|Any CPU
		{4792334E-B6ED-435B-97F7-3167D531BE01}.Release|Any CPU.Build.0 = Release|Any CPU
		{BF0DCAAD-BE64-419A-8E5C-D1EE9B496465}.Debug|Any CPU.ActiveCfg = Debug|Any CPU
		{BF0DCAAD-BE64-419A-8E5C-D1EE9B496465}.Debug|Any CPU.Build.0 = Debug|Any CPU
		{BF0DCAAD-BE64-419A-8E5C-D1EE9B496465}.Release|Any CPU.ActiveCfg = Release|Any CPU
		{BF0DCAAD-BE64-419A-8E5C-D1EE9B496465}.Release|Any CPU.Build.0 = Release|Any CPU
		{0EB3CB7F-C760-40E7-99AF-364139AE2CDF}.Debug|Any CPU.ActiveCfg = Debug|Any CPU
		{0EB3CB7F-C760-40E7-99AF-364139AE2CDF}.Debug|Any CPU.Build.0 = Debug|Any CPU
		{0EB3CB7F-C760-40E7-99AF-364139AE2CDF}.Release|Any CPU.ActiveCfg = Release|Any CPU
		{0EB3CB7F-C760-40E7-99AF-364139AE2CDF}.Release|Any CPU.Build.0 = Release|Any CPU
		{F7BFD90F-1EE4-4FB2-97F7-F96D1A46C2FF}.Debug|Any CPU.ActiveCfg = Debug|Any CPU
		{F7BFD90F-1EE4-4FB2-97F7-F96D1A46C2FF}.Debug|Any CPU.Build.0 = Debug|Any CPU
		{F7BFD90F-1EE4-4FB2-97F7-F96D1A46C2FF}.Release|Any CPU.ActiveCfg = Release|Any CPU
		{F7BFD90F-1EE4-4FB2-97F7-F96D1A46C2FF}.Release|Any CPU.Build.0 = Release|Any CPU
		{BFA0CAA7-C190-485A-8F11-0AAAACC0BD4C}.Debug|Any CPU.ActiveCfg = Debug|Any CPU
		{BFA0CAA7-C190-485A-8F11-0AAAACC0BD4C}.Debug|Any CPU.Build.0 = Debug|Any CPU
		{BFA0CAA7-C190-485A-8F11-0AAAACC0BD4C}.Release|Any CPU.ActiveCfg = Release|Any CPU
		{BFA0CAA7-C190-485A-8F11-0AAAACC0BD4C}.Release|Any CPU.Build.0 = Release|Any CPU
		{8127B601-44DA-4F19-849C-1884EE916724}.Debug|Any CPU.ActiveCfg = Debug|Any CPU
		{8127B601-44DA-4F19-849C-1884EE916724}.Debug|Any CPU.Build.0 = Debug|Any CPU
		{8127B601-44DA-4F19-849C-1884EE916724}.Release|Any CPU.ActiveCfg = Release|Any CPU
		{8127B601-44DA-4F19-849C-1884EE916724}.Release|Any CPU.Build.0 = Release|Any CPU
		{5C079150-17DF-4C58-B92F-D4D71A740B1D}.Debug|Any CPU.ActiveCfg = Debug|Any CPU
		{5C079150-17DF-4C58-B92F-D4D71A740B1D}.Debug|Any CPU.Build.0 = Debug|Any CPU
		{5C079150-17DF-4C58-B92F-D4D71A740B1D}.Release|Any CPU.ActiveCfg = Release|Any CPU
		{5C079150-17DF-4C58-B92F-D4D71A740B1D}.Release|Any CPU.Build.0 = Release|Any CPU
		{96230E3A-047F-4E43-9D48-1205EAA69FDC}.Debug|Any CPU.ActiveCfg = Debug|Any CPU
		{96230E3A-047F-4E43-9D48-1205EAA69FDC}.Debug|Any CPU.Build.0 = Debug|Any CPU
		{96230E3A-047F-4E43-9D48-1205EAA69FDC}.Release|Any CPU.ActiveCfg = Release|Any CPU
		{96230E3A-047F-4E43-9D48-1205EAA69FDC}.Release|Any CPU.Build.0 = Release|Any CPU
		{2BBD34D7-5884-4E4B-8A21-01653FACB424}.Debug|Any CPU.ActiveCfg = Debug|Any CPU
		{2BBD34D7-5884-4E4B-8A21-01653FACB424}.Debug|Any CPU.Build.0 = Debug|Any CPU
		{2BBD34D7-5884-4E4B-8A21-01653FACB424}.Release|Any CPU.ActiveCfg = Release|Any CPU
		{2BBD34D7-5884-4E4B-8A21-01653FACB424}.Release|Any CPU.Build.0 = Release|Any CPU
		{4B40674E-6F5E-4E2D-9308-C0D77F0C7C0D}.Debug|Any CPU.ActiveCfg = Debug|Any CPU
		{4B40674E-6F5E-4E2D-9308-C0D77F0C7C0D}.Debug|Any CPU.Build.0 = Debug|Any CPU
		{4B40674E-6F5E-4E2D-9308-C0D77F0C7C0D}.Release|Any CPU.ActiveCfg = Release|Any CPU
		{4B40674E-6F5E-4E2D-9308-C0D77F0C7C0D}.Release|Any CPU.Build.0 = Release|Any CPU
		{E278B9AC-07DC-428A-88F4-8D7F85E7497F}.Debug|Any CPU.ActiveCfg = Debug|Any CPU
		{E278B9AC-07DC-428A-88F4-8D7F85E7497F}.Debug|Any CPU.Build.0 = Debug|Any CPU
		{E278B9AC-07DC-428A-88F4-8D7F85E7497F}.Release|Any CPU.ActiveCfg = Release|Any CPU
		{E278B9AC-07DC-428A-88F4-8D7F85E7497F}.Release|Any CPU.Build.0 = Release|Any CPU
		{83D749A4-7187-4C43-A9C8-B2A5D04C1765}.Debug|Any CPU.ActiveCfg = Debug|Any CPU
		{83D749A4-7187-4C43-A9C8-B2A5D04C1765}.Debug|Any CPU.Build.0 = Debug|Any CPU
		{83D749A4-7187-4C43-A9C8-B2A5D04C1765}.Release|Any CPU.ActiveCfg = Release|Any CPU
		{83D749A4-7187-4C43-A9C8-B2A5D04C1765}.Release|Any CPU.Build.0 = Release|Any CPU
		{6A44783E-2092-41D3-8689-466A96CA7A41}.Debug|Any CPU.ActiveCfg = Debug|Any CPU
		{6A44783E-2092-41D3-8689-466A96CA7A41}.Debug|Any CPU.Build.0 = Debug|Any CPU
		{6A44783E-2092-41D3-8689-466A96CA7A41}.Release|Any CPU.ActiveCfg = Release|Any CPU
		{6A44783E-2092-41D3-8689-466A96CA7A41}.Release|Any CPU.Build.0 = Release|Any CPU
		{DAC9DABB-0EA1-47D0-8FD2-867AE4134F29}.Debug|Any CPU.ActiveCfg = Debug|Any CPU
		{DAC9DABB-0EA1-47D0-8FD2-867AE4134F29}.Debug|Any CPU.Build.0 = Debug|Any CPU
		{DAC9DABB-0EA1-47D0-8FD2-867AE4134F29}.Release|Any CPU.ActiveCfg = Release|Any CPU
		{DAC9DABB-0EA1-47D0-8FD2-867AE4134F29}.Release|Any CPU.Build.0 = Release|Any CPU
		{B2B996C6-4FB2-4231-8CB8-0AAA1D9C9290}.Debug|Any CPU.ActiveCfg = Debug|Any CPU
		{B2B996C6-4FB2-4231-8CB8-0AAA1D9C9290}.Debug|Any CPU.Build.0 = Debug|Any CPU
		{B2B996C6-4FB2-4231-8CB8-0AAA1D9C9290}.Release|Any CPU.ActiveCfg = Release|Any CPU
		{B2B996C6-4FB2-4231-8CB8-0AAA1D9C9290}.Release|Any CPU.Build.0 = Release|Any CPU
		{A44C534E-03B4-42B7-819D-3E2ED76065D9}.Debug|Any CPU.ActiveCfg = Debug|Any CPU
		{A44C534E-03B4-42B7-819D-3E2ED76065D9}.Debug|Any CPU.Build.0 = Debug|Any CPU
		{A44C534E-03B4-42B7-819D-3E2ED76065D9}.Release|Any CPU.ActiveCfg = Release|Any CPU
		{A44C534E-03B4-42B7-819D-3E2ED76065D9}.Release|Any CPU.Build.0 = Release|Any CPU
		{C02D2094-0268-4F15-A338-5801F8ED4544}.Debug|Any CPU.ActiveCfg = Debug|Any CPU
		{C02D2094-0268-4F15-A338-5801F8ED4544}.Debug|Any CPU.Build.0 = Debug|Any CPU
		{C02D2094-0268-4F15-A338-5801F8ED4544}.Release|Any CPU.ActiveCfg = Release|Any CPU
		{C02D2094-0268-4F15-A338-5801F8ED4544}.Release|Any CPU.Build.0 = Release|Any CPU
		{31974445-929D-41BF-9002-F48FCAC7A5ED}.Debug|Any CPU.ActiveCfg = Debug|Any CPU
		{31974445-929D-41BF-9002-F48FCAC7A5ED}.Debug|Any CPU.Build.0 = Debug|Any CPU
		{31974445-929D-41BF-9002-F48FCAC7A5ED}.Release|Any CPU.ActiveCfg = Release|Any CPU
		{31974445-929D-41BF-9002-F48FCAC7A5ED}.Release|Any CPU.Build.0 = Release|Any CPU
		{735D6763-F15C-480E-B8B6-0103327A4A7F}.Debug|Any CPU.ActiveCfg = Debug|Any CPU
		{735D6763-F15C-480E-B8B6-0103327A4A7F}.Debug|Any CPU.Build.0 = Debug|Any CPU
		{735D6763-F15C-480E-B8B6-0103327A4A7F}.Release|Any CPU.ActiveCfg = Release|Any CPU
		{735D6763-F15C-480E-B8B6-0103327A4A7F}.Release|Any CPU.Build.0 = Release|Any CPU
		{C7F8FD0F-D9B7-49AA-AF5A-966F38577DC1}.Debug|Any CPU.ActiveCfg = Debug|Any CPU
		{C7F8FD0F-D9B7-49AA-AF5A-966F38577DC1}.Debug|Any CPU.Build.0 = Debug|Any CPU
		{C7F8FD0F-D9B7-49AA-AF5A-966F38577DC1}.Release|Any CPU.ActiveCfg = Release|Any CPU
		{C7F8FD0F-D9B7-49AA-AF5A-966F38577DC1}.Release|Any CPU.Build.0 = Release|Any CPU
		{882AC249-7EB8-4971-B786-EA04A1FA1C84}.Debug|Any CPU.ActiveCfg = Debug|Any CPU
		{882AC249-7EB8-4971-B786-EA04A1FA1C84}.Debug|Any CPU.Build.0 = Debug|Any CPU
		{882AC249-7EB8-4971-B786-EA04A1FA1C84}.Release|Any CPU.ActiveCfg = Release|Any CPU
		{882AC249-7EB8-4971-B786-EA04A1FA1C84}.Release|Any CPU.Build.0 = Release|Any CPU
		{22E8363E-6FD9-4A88-9D19-E5001E81E2E9}.Debug|Any CPU.ActiveCfg = Debug|Any CPU
		{22E8363E-6FD9-4A88-9D19-E5001E81E2E9}.Debug|Any CPU.Build.0 = Debug|Any CPU
		{22E8363E-6FD9-4A88-9D19-E5001E81E2E9}.Release|Any CPU.ActiveCfg = Release|Any CPU
		{22E8363E-6FD9-4A88-9D19-E5001E81E2E9}.Release|Any CPU.Build.0 = Release|Any CPU
		{E3070AAB-B394-4E3F-9AEC-C61B10F5EC04}.Debug|Any CPU.ActiveCfg = Debug|Any CPU
		{E3070AAB-B394-4E3F-9AEC-C61B10F5EC04}.Debug|Any CPU.Build.0 = Debug|Any CPU
		{E3070AAB-B394-4E3F-9AEC-C61B10F5EC04}.Release|Any CPU.ActiveCfg = Release|Any CPU
		{E3070AAB-B394-4E3F-9AEC-C61B10F5EC04}.Release|Any CPU.Build.0 = Release|Any CPU
		{11CEC2B9-56CC-4A42-8A4A-1D4632BFB9DF}.Debug|Any CPU.ActiveCfg = Debug|Any CPU
		{11CEC2B9-56CC-4A42-8A4A-1D4632BFB9DF}.Debug|Any CPU.Build.0 = Debug|Any CPU
		{11CEC2B9-56CC-4A42-8A4A-1D4632BFB9DF}.Release|Any CPU.ActiveCfg = Release|Any CPU
		{11CEC2B9-56CC-4A42-8A4A-1D4632BFB9DF}.Release|Any CPU.Build.0 = Release|Any CPU
		{A9907849-5B30-483E-8163-3BB75B5F3EFF}.Debug|Any CPU.ActiveCfg = Debug|Any CPU
		{A9907849-5B30-483E-8163-3BB75B5F3EFF}.Debug|Any CPU.Build.0 = Debug|Any CPU
		{A9907849-5B30-483E-8163-3BB75B5F3EFF}.Release|Any CPU.ActiveCfg = Release|Any CPU
		{A9907849-5B30-483E-8163-3BB75B5F3EFF}.Release|Any CPU.Build.0 = Release|Any CPU
		{105083BC-538B-4C6F-9788-F3AA96FE32E6}.Debug|Any CPU.ActiveCfg = Debug|Any CPU
		{105083BC-538B-4C6F-9788-F3AA96FE32E6}.Debug|Any CPU.Build.0 = Debug|Any CPU
		{105083BC-538B-4C6F-9788-F3AA96FE32E6}.Release|Any CPU.ActiveCfg = Release|Any CPU
		{105083BC-538B-4C6F-9788-F3AA96FE32E6}.Release|Any CPU.Build.0 = Release|Any CPU
		{A22C0B0F-3C14-4E9D-A98B-8A85EF70849D}.Debug|Any CPU.ActiveCfg = Debug|Any CPU
		{A22C0B0F-3C14-4E9D-A98B-8A85EF70849D}.Debug|Any CPU.Build.0 = Debug|Any CPU
		{A22C0B0F-3C14-4E9D-A98B-8A85EF70849D}.Release|Any CPU.ActiveCfg = Release|Any CPU
		{A22C0B0F-3C14-4E9D-A98B-8A85EF70849D}.Release|Any CPU.Build.0 = Release|Any CPU
	EndGlobalSection
	GlobalSection(SolutionProperties) = preSolution
		HideSolutionNode = FALSE
	EndGlobalSection
	GlobalSection(ExtensibilityGlobals) = postSolution
		SolutionGuid = {DEAE7633-F06C-49A7-8B48-0627108F990D}
	EndGlobalSection
EndGlobal
