
Microsoft Visual Studio Solution File, Format Version 12.00
# Visual Studio Version 17
VisualStudioVersion = 17.4.33213.308
MinimumVisualStudioVersion = 10.0.40219.1
Project("{FAE04EC0-301F-11D3-BF4B-00C04F79EFBC}") = "array2", "array2\array2.csproj", "{E278B9AC-07DC-428A-88F4-8D7F85E7497F}"
EndProject
Project("{FAE04EC0-301F-11D3-BF4B-00C04F79EFBC}") = "xinloi", "xinloi\xinloi.csproj", "{B791AB65-A227-4A38-B96F-6AE5856C8E53}"
EndProject
Project("{FAE04EC0-301F-11D3-BF4B-00C04F79EFBC}") = "Counting", "Counting\Counting.csproj", "{75C67776-F09B-4C13-8468-E4634FF673A2}"
EndProject
Project("{FAE04EC0-301F-11D3-BF4B-00C04F79EFBC}") = "DataProcessing", "DataProcessing\DataProcessing.csproj", "{F1595300-FD04-4E16-B51C-560361BD0C9F}"
EndProject
Project("{FAE04EC0-301F-11D3-BF4B-00C04F79EFBC}") = "TBC", "TBC\TBC.csproj", "{BC9F638C-1A61-4E04-8285-104ADAD55661}"
EndProject
Project("{FAE04EC0-301F-11D3-BF4B-00C04F79EFBC}") = "TamGiacCan", "TamGiacCan\TamGiacCan.csproj", "{4DD02972-BEBB-4989-A4EE-7A1E15014A27}"
EndProject
Project("{FAE04EC0-301F-11D3-BF4B-00C04F79EFBC}") = "Matrix", "Matrix\Matrix.csproj", "{083D0781-94D3-4C22-8BB7-17F634743BF9}"
EndProject
Project("{FAE04EC0-301F-11D3-BF4B-00C04F79EFBC}") = "SumMatrix", "SumMatrix\SumMatrix.csproj", "{31974445-929D-41BF-9002-F48FCAC7A5ED}"
EndProject
Project("{FAE04EC0-301F-11D3-BF4B-00C04F79EFBC}") = "ChuyenVi", "NhanHaiMaTran\ChuyenVi.csproj", "{735D6763-F15C-480E-B8B6-0103327A4A7F}"
EndProject
Project("{FAE04EC0-301F-11D3-BF4B-00C04F79EFBC}") = "TowerOfHaNoi", "TowerOfHaNoi\TowerOfHaNoi.csproj", "{FEC4F168-A276-422E-B6C4-55DE394F576F}"
EndProject
Project("{FAE04EC0-301F-11D3-BF4B-00C04F79EFBC}") = "Divede to conquer", "Backward techniques\Divede to conquer.csproj", "{37614203-78E2-4881-A2D3-CE7AC9E017FD}"
EndProject
Project("{FAE04EC0-301F-11D3-BF4B-00C04F79EFBC}") = "Binary Search", "Binary Search\Binary Search.csproj", "{6FE1B268-7D9E-48DA-8FE2-16BB97A2B44B}"
EndProject
Project("{FAE04EC0-301F-11D3-BF4B-00C04F79EFBC}") = "Super fast fibonacy", "Super fast fibonacy\Super fast fibonacy.csproj", "{BA66181A-98E9-4A95-A3EC-BA6B90D1821C}"
EndProject
Project("{FAE04EC0-301F-11D3-BF4B-00C04F79EFBC}") = "Back Tracking", "Back Tracking\Back Tracking.csproj", "{148451C1-0AE2-4BCD-8787-F0384553F395}"
EndProject
Project("{FAE04EC0-301F-11D3-BF4B-00C04F79EFBC}") = "OOP", "OOP\OOP.csproj", "{4B40674E-6F5E-4E2D-9308-C0D77F0C7C0D}"
EndProject
Project("{FAE04EC0-301F-11D3-BF4B-00C04F79EFBC}") = "Fraction", "Fraction\Fraction.csproj", "{1F02847B-5CB2-48BC-BB13-4BD74B79D2ED}"
EndProject
Project("{FAE04EC0-301F-11D3-BF4B-00C04F79EFBC}") = "Rectangle", "Rectangle\Rectangle.csproj", "{4792334E-B6ED-435B-97F7-3167D531BE01}"
EndProject
Project("{FAE04EC0-301F-11D3-BF4B-00C04F79EFBC}") = "Date", "Date\Date.csproj", "{BF0DCAAD-BE64-419A-8E5C-D1EE9B496465}"
EndProject
Project("{FAE04EC0-301F-11D3-BF4B-00C04F79EFBC}") = "Person", "Person\Person.csproj", "{F7BFD90F-1EE4-4FB2-97F7-F96D1A46C2FF}"
EndProject
Project("{FAE04EC0-301F-11D3-BF4B-00C04F79EFBC}") = "Eculid", "Eculid\Eculid.csproj", "{607CE477-C58E-4B90-AD2B-FD8FE9301D54}"
EndProject
Project("{FAE04EC0-301F-11D3-BF4B-00C04F79EFBC}") = "Recursion", "Recursion\Recursion.csproj", "{BB45162A-C80E-4760-8A0E-BE1F1CB62ABD}"
EndProject
Project("{FAE04EC0-301F-11D3-BF4B-00C04F79EFBC}") = "MulMatrix", "MulMatrix\MulMatrix.csproj", "{8FDA364F-0870-4C56-8713-60A08F28EB23}"
EndProject
Project("{FAE04EC0-301F-11D3-BF4B-00C04F79EFBC}") = "Robot", "Robot\Robot.csproj", "{FCF3723F-A328-4ED2-A92C-58783242B2BE}"
EndProject
Project("{FAE04EC0-301F-11D3-BF4B-00C04F79EFBC}") = "RobotMoved", "RobotMoved\RobotMoved.csproj", "{9AB55964-3635-4E6C-9E59-DD8F46DC7C41}"
EndProject
Project("{FAE04EC0-301F-11D3-BF4B-00C04F79EFBC}") = "Cau1", "Cau1\Cau1.csproj", "{E45FD1E8-B458-4B92-9433-56D7479CF0BC}"
EndProject
Project("{FAE04EC0-301F-11D3-BF4B-00C04F79EFBC}") = "Cau2", "Cau2\Cau2.csproj", "{EAF86F97-7561-488D-B882-E1C1CCF1C0E7}"
EndProject
Project("{FAE04EC0-301F-11D3-BF4B-00C04F79EFBC}") = "Cau 3", "Cau 3\Cau 3.csproj", "{01BDAB31-732F-4D50-8CD8-7F80D33ACCEE}"
EndProject
Project("{FAE04EC0-301F-11D3-BF4B-00C04F79EFBC}") = "dcp", "dcp\dcp.csproj", "{E90C2830-F438-4AC2-8213-BD53D7AF5F50}"
EndProject
Project("{FAE04EC0-301F-11D3-BF4B-00C04F79EFBC}") = "QLCT", "QLCT\QLCT.csproj", "{44B502E6-3512-4779-94F3-89AC816F58EF}"
EndProject
Project("{FAE04EC0-301F-11D3-BF4B-00C04F79EFBC}") = "Array", "Array\Array.csproj", "{169A4E37-77FF-40FA-AEE0-D859B8CAFB17}"
EndProject
Project("{FAE04EC0-301F-11D3-BF4B-00C04F79EFBC}") = "DoanhThu", "DoanhThu\DoanhThu.csproj", "{29672CA7-C5F8-4B38-8028-7D01DD93228A}"
EndProject
Project("{FAE04EC0-301F-11D3-BF4B-00C04F79EFBC}") = "Hello world", "Hello world\Hello world.csproj", "{74FB9BDB-19CB-4C35-B80D-465B7512096B}"
EndProject
Project("{FAE04EC0-301F-11D3-BF4B-00C04F79EFBC}") = "WriteReadFile", "WriteReadFile\WriteReadFile.csproj", "{D28563BB-970E-4CDF-8624-C5D09257A2F3}"
EndProject
Project("{FAE04EC0-301F-11D3-BF4B-00C04F79EFBC}") = "NumberNear", "NumberNear\NumberNear.csproj", "{E4735FDF-09D6-4002-8DEB-5DFF64CA4F2A}"
EndProject
Project("{FAE04EC0-301F-11D3-BF4B-00C04F79EFBC}") = "Random", "Random\Random.csproj", "{5E044DC9-0C64-49F8-B9F1-F4C0C65A71E8}"
EndProject
Project("{FAE04EC0-301F-11D3-BF4B-00C04F79EFBC}") = "BigNum", "BigNum\BigNum.csproj", "{47460DCB-5200-4BC4-8F88-2D9F8F0E501F}"
EndProject
Project("{FAE04EC0-301F-11D3-BF4B-00C04F79EFBC}") = "HePhuongTrinh", "HePhuongTrinh\HePhuongTrinh.csproj", "{0B596682-FAC6-4C37-A1FD-28D9DA02AF06}"
EndProject
Project("{FAE04EC0-301F-11D3-BF4B-00C04F79EFBC}") = "Human", "Human\Human.csproj", "{CA21EF2C-3786-4ACE-B758-B169343CF2CF}"
EndProject
Project("{FAE04EC0-301F-11D3-BF4B-00C04F79EFBC}") = "TryCatch", "TruCatch\TryCatch.csproj", "{3D92F81B-FBFD-47CB-8D13-5881743760C4}"
EndProject
Project("{FAE04EC0-301F-11D3-BF4B-00C04F79EFBC}") = "Sort", "Sort\Sort.csproj", "{58527881-3D5C-4DA0-A66D-87BC9BF0B515}"
EndProject
Project("{FAE04EC0-301F-11D3-BF4B-00C04F79EFBC}") = "Test", "Test\Test.csproj", "{64B3AA9F-3B06-4BC8-9E1F-938C7AE40486}"
EndProject
Global
	GlobalSection(SolutionConfigurationPlatforms) = preSolution
		Debug|Any CPU = Debug|Any CPU
		Release|Any CPU = Release|Any CPU
	EndGlobalSection
	GlobalSection(ProjectConfigurationPlatforms) = postSolution
		{E278B9AC-07DC-428A-88F4-8D7F85E7497F}.Debug|Any CPU.ActiveCfg = Debug|Any CPU
		{E278B9AC-07DC-428A-88F4-8D7F85E7497F}.Debug|Any CPU.Build.0 = Debug|Any CPU
		{E278B9AC-07DC-428A-88F4-8D7F85E7497F}.Release|Any CPU.ActiveCfg = Release|Any CPU
		{E278B9AC-07DC-428A-88F4-8D7F85E7497F}.Release|Any CPU.Build.0 = Release|Any CPU
		{B791AB65-A227-4A38-B96F-6AE5856C8E53}.Debug|Any CPU.ActiveCfg = Debug|Any CPU
		{B791AB65-A227-4A38-B96F-6AE5856C8E53}.Debug|Any CPU.Build.0 = Debug|Any CPU
		{B791AB65-A227-4A38-B96F-6AE5856C8E53}.Release|Any CPU.ActiveCfg = Release|Any CPU
		{B791AB65-A227-4A38-B96F-6AE5856C8E53}.Release|Any CPU.Build.0 = Release|Any CPU
		{75C67776-F09B-4C13-8468-E4634FF673A2}.Debug|Any CPU.ActiveCfg = Debug|Any CPU
		{75C67776-F09B-4C13-8468-E4634FF673A2}.Debug|Any CPU.Build.0 = Debug|Any CPU
		{75C67776-F09B-4C13-8468-E4634FF673A2}.Release|Any CPU.ActiveCfg = Release|Any CPU
		{75C67776-F09B-4C13-8468-E4634FF673A2}.Release|Any CPU.Build.0 = Release|Any CPU
		{F1595300-FD04-4E16-B51C-560361BD0C9F}.Debug|Any CPU.ActiveCfg = Debug|Any CPU
		{F1595300-FD04-4E16-B51C-560361BD0C9F}.Debug|Any CPU.Build.0 = Debug|Any CPU
		{F1595300-FD04-4E16-B51C-560361BD0C9F}.Release|Any CPU.ActiveCfg = Release|Any CPU
		{F1595300-FD04-4E16-B51C-560361BD0C9F}.Release|Any CPU.Build.0 = Release|Any CPU
		{BC9F638C-1A61-4E04-8285-104ADAD55661}.Debug|Any CPU.ActiveCfg = Debug|Any CPU
		{BC9F638C-1A61-4E04-8285-104ADAD55661}.Debug|Any CPU.Build.0 = Debug|Any CPU
		{BC9F638C-1A61-4E04-8285-104ADAD55661}.Release|Any CPU.ActiveCfg = Release|Any CPU
		{BC9F638C-1A61-4E04-8285-104ADAD55661}.Release|Any CPU.Build.0 = Release|Any CPU
		{4DD02972-BEBB-4989-A4EE-7A1E15014A27}.Debug|Any CPU.ActiveCfg = Debug|Any CPU
		{4DD02972-BEBB-4989-A4EE-7A1E15014A27}.Debug|Any CPU.Build.0 = Debug|Any CPU
		{4DD02972-BEBB-4989-A4EE-7A1E15014A27}.Release|Any CPU.ActiveCfg = Release|Any CPU
		{4DD02972-BEBB-4989-A4EE-7A1E15014A27}.Release|Any CPU.Build.0 = Release|Any CPU
		{083D0781-94D3-4C22-8BB7-17F634743BF9}.Debug|Any CPU.ActiveCfg = Debug|Any CPU
		{083D0781-94D3-4C22-8BB7-17F634743BF9}.Debug|Any CPU.Build.0 = Debug|Any CPU
		{083D0781-94D3-4C22-8BB7-17F634743BF9}.Release|Any CPU.ActiveCfg = Release|Any CPU
		{083D0781-94D3-4C22-8BB7-17F634743BF9}.Release|Any CPU.Build.0 = Release|Any CPU
		{31974445-929D-41BF-9002-F48FCAC7A5ED}.Debug|Any CPU.ActiveCfg = Debug|Any CPU
		{31974445-929D-41BF-9002-F48FCAC7A5ED}.Debug|Any CPU.Build.0 = Debug|Any CPU
		{31974445-929D-41BF-9002-F48FCAC7A5ED}.Release|Any CPU.ActiveCfg = Release|Any CPU
		{31974445-929D-41BF-9002-F48FCAC7A5ED}.Release|Any CPU.Build.0 = Release|Any CPU
		{735D6763-F15C-480E-B8B6-0103327A4A7F}.Debug|Any CPU.ActiveCfg = Debug|Any CPU
		{735D6763-F15C-480E-B8B6-0103327A4A7F}.Debug|Any CPU.Build.0 = Debug|Any CPU
		{735D6763-F15C-480E-B8B6-0103327A4A7F}.Release|Any CPU.ActiveCfg = Release|Any CPU
		{735D6763-F15C-480E-B8B6-0103327A4A7F}.Release|Any CPU.Build.0 = Release|Any CPU
		{FEC4F168-A276-422E-B6C4-55DE394F576F}.Debug|Any CPU.ActiveCfg = Debug|Any CPU
		{FEC4F168-A276-422E-B6C4-55DE394F576F}.Debug|Any CPU.Build.0 = Debug|Any CPU
		{FEC4F168-A276-422E-B6C4-55DE394F576F}.Release|Any CPU.ActiveCfg = Release|Any CPU
		{FEC4F168-A276-422E-B6C4-55DE394F576F}.Release|Any CPU.Build.0 = Release|Any CPU
		{37614203-78E2-4881-A2D3-CE7AC9E017FD}.Debug|Any CPU.ActiveCfg = Debug|Any CPU
		{37614203-78E2-4881-A2D3-CE7AC9E017FD}.Debug|Any CPU.Build.0 = Debug|Any CPU
		{37614203-78E2-4881-A2D3-CE7AC9E017FD}.Release|Any CPU.ActiveCfg = Release|Any CPU
		{37614203-78E2-4881-A2D3-CE7AC9E017FD}.Release|Any CPU.Build.0 = Release|Any CPU
		{6FE1B268-7D9E-48DA-8FE2-16BB97A2B44B}.Debug|Any CPU.ActiveCfg = Debug|Any CPU
		{6FE1B268-7D9E-48DA-8FE2-16BB97A2B44B}.Debug|Any CPU.Build.0 = Debug|Any CPU
		{6FE1B268-7D9E-48DA-8FE2-16BB97A2B44B}.Release|Any CPU.ActiveCfg = Release|Any CPU
		{6FE1B268-7D9E-48DA-8FE2-16BB97A2B44B}.Release|Any CPU.Build.0 = Release|Any CPU
		{BA66181A-98E9-4A95-A3EC-BA6B90D1821C}.Debug|Any CPU.ActiveCfg = Debug|Any CPU
		{BA66181A-98E9-4A95-A3EC-BA6B90D1821C}.Debug|Any CPU.Build.0 = Debug|Any CPU
		{BA66181A-98E9-4A95-A3EC-BA6B90D1821C}.Release|Any CPU.ActiveCfg = Release|Any CPU
		{BA66181A-98E9-4A95-A3EC-BA6B90D1821C}.Release|Any CPU.Build.0 = Release|Any CPU
		{148451C1-0AE2-4BCD-8787-F0384553F395}.Debug|Any CPU.ActiveCfg = Debug|Any CPU
		{148451C1-0AE2-4BCD-8787-F0384553F395}.Debug|Any CPU.Build.0 = Debug|Any CPU
		{148451C1-0AE2-4BCD-8787-F0384553F395}.Release|Any CPU.ActiveCfg = Release|Any CPU
		{148451C1-0AE2-4BCD-8787-F0384553F395}.Release|Any CPU.Build.0 = Release|Any CPU
		{4B40674E-6F5E-4E2D-9308-C0D77F0C7C0D}.Debug|Any CPU.ActiveCfg = Debug|Any CPU
		{4B40674E-6F5E-4E2D-9308-C0D77F0C7C0D}.Debug|Any CPU.Build.0 = Debug|Any CPU
		{4B40674E-6F5E-4E2D-9308-C0D77F0C7C0D}.Release|Any CPU.ActiveCfg = Release|Any CPU
		{4B40674E-6F5E-4E2D-9308-C0D77F0C7C0D}.Release|Any CPU.Build.0 = Release|Any CPU
		{1F02847B-5CB2-48BC-BB13-4BD74B79D2ED}.Debug|Any CPU.ActiveCfg = Debug|Any CPU
		{1F02847B-5CB2-48BC-BB13-4BD74B79D2ED}.Debug|Any CPU.Build.0 = Debug|Any CPU
		{1F02847B-5CB2-48BC-BB13-4BD74B79D2ED}.Release|Any CPU.ActiveCfg = Release|Any CPU
		{1F02847B-5CB2-48BC-BB13-4BD74B79D2ED}.Release|Any CPU.Build.0 = Release|Any CPU
		{4792334E-B6ED-435B-97F7-3167D531BE01}.Debug|Any CPU.ActiveCfg = Debug|Any CPU
		{4792334E-B6ED-435B-97F7-3167D531BE01}.Debug|Any CPU.Build.0 = Debug|Any CPU
		{4792334E-B6ED-435B-97F7-3167D531BE01}.Release|Any CPU.ActiveCfg = Release|Any CPU
		{4792334E-B6ED-435B-97F7-3167D531BE01}.Release|Any CPU.Build.0 = Release|Any CPU
		{BF0DCAAD-BE64-419A-8E5C-D1EE9B496465}.Debug|Any CPU.ActiveCfg = Debug|Any CPU
		{BF0DCAAD-BE64-419A-8E5C-D1EE9B496465}.Debug|Any CPU.Build.0 = Debug|Any CPU
		{BF0DCAAD-BE64-419A-8E5C-D1EE9B496465}.Release|Any CPU.ActiveCfg = Release|Any CPU
		{BF0DCAAD-BE64-419A-8E5C-D1EE9B496465}.Release|Any CPU.Build.0 = Release|Any CPU
		{F7BFD90F-1EE4-4FB2-97F7-F96D1A46C2FF}.Debug|Any CPU.ActiveCfg = Debug|Any CPU
		{F7BFD90F-1EE4-4FB2-97F7-F96D1A46C2FF}.Debug|Any CPU.Build.0 = Debug|Any CPU
		{F7BFD90F-1EE4-4FB2-97F7-F96D1A46C2FF}.Release|Any CPU.ActiveCfg = Release|Any CPU
		{F7BFD90F-1EE4-4FB2-97F7-F96D1A46C2FF}.Release|Any CPU.Build.0 = Release|Any CPU
		{607CE477-C58E-4B90-AD2B-FD8FE9301D54}.Debug|Any CPU.ActiveCfg = Debug|Any CPU
		{607CE477-C58E-4B90-AD2B-FD8FE9301D54}.Debug|Any CPU.Build.0 = Debug|Any CPU
		{607CE477-C58E-4B90-AD2B-FD8FE9301D54}.Release|Any CPU.ActiveCfg = Release|Any CPU
		{607CE477-C58E-4B90-AD2B-FD8FE9301D54}.Release|Any CPU.Build.0 = Release|Any CPU
		{BB45162A-C80E-4760-8A0E-BE1F1CB62ABD}.Debug|Any CPU.ActiveCfg = Debug|Any CPU
		{BB45162A-C80E-4760-8A0E-BE1F1CB62ABD}.Debug|Any CPU.Build.0 = Debug|Any CPU
		{BB45162A-C80E-4760-8A0E-BE1F1CB62ABD}.Release|Any CPU.ActiveCfg = Release|Any CPU
		{BB45162A-C80E-4760-8A0E-BE1F1CB62ABD}.Release|Any CPU.Build.0 = Release|Any CPU
		{8FDA364F-0870-4C56-8713-60A08F28EB23}.Debug|Any CPU.ActiveCfg = Debug|Any CPU
		{8FDA364F-0870-4C56-8713-60A08F28EB23}.Debug|Any CPU.Build.0 = Debug|Any CPU
		{8FDA364F-0870-4C56-8713-60A08F28EB23}.Release|Any CPU.ActiveCfg = Release|Any CPU
		{8FDA364F-0870-4C56-8713-60A08F28EB23}.Release|Any CPU.Build.0 = Release|Any CPU
		{FCF3723F-A328-4ED2-A92C-58783242B2BE}.Debug|Any CPU.ActiveCfg = Debug|Any CPU
		{FCF3723F-A328-4ED2-A92C-58783242B2BE}.Debug|Any CPU.Build.0 = Debug|Any CPU
		{FCF3723F-A328-4ED2-A92C-58783242B2BE}.Release|Any CPU.ActiveCfg = Release|Any CPU
		{FCF3723F-A328-4ED2-A92C-58783242B2BE}.Release|Any CPU.Build.0 = Release|Any CPU
		{9AB55964-3635-4E6C-9E59-DD8F46DC7C41}.Debug|Any CPU.ActiveCfg = Debug|Any CPU
		{9AB55964-3635-4E6C-9E59-DD8F46DC7C41}.Debug|Any CPU.Build.0 = Debug|Any CPU
		{9AB55964-3635-4E6C-9E59-DD8F46DC7C41}.Release|Any CPU.ActiveCfg = Release|Any CPU
		{9AB55964-3635-4E6C-9E59-DD8F46DC7C41}.Release|Any CPU.Build.0 = Release|Any CPU
		{E45FD1E8-B458-4B92-9433-56D7479CF0BC}.Debug|Any CPU.ActiveCfg = Debug|Any CPU
		{E45FD1E8-B458-4B92-9433-56D7479CF0BC}.Debug|Any CPU.Build.0 = Debug|Any CPU
		{E45FD1E8-B458-4B92-9433-56D7479CF0BC}.Release|Any CPU.ActiveCfg = Release|Any CPU
		{E45FD1E8-B458-4B92-9433-56D7479CF0BC}.Release|Any CPU.Build.0 = Release|Any CPU
		{EAF86F97-7561-488D-B882-E1C1CCF1C0E7}.Debug|Any CPU.ActiveCfg = Debug|Any CPU
		{EAF86F97-7561-488D-B882-E1C1CCF1C0E7}.Debug|Any CPU.Build.0 = Debug|Any CPU
		{EAF86F97-7561-488D-B882-E1C1CCF1C0E7}.Release|Any CPU.ActiveCfg = Release|Any CPU
		{EAF86F97-7561-488D-B882-E1C1CCF1C0E7}.Release|Any CPU.Build.0 = Release|Any CPU
		{01BDAB31-732F-4D50-8CD8-7F80D33ACCEE}.Debug|Any CPU.ActiveCfg = Debug|Any CPU
		{01BDAB31-732F-4D50-8CD8-7F80D33ACCEE}.Debug|Any CPU.Build.0 = Debug|Any CPU
		{01BDAB31-732F-4D50-8CD8-7F80D33ACCEE}.Release|Any CPU.ActiveCfg = Release|Any CPU
		{01BDAB31-732F-4D50-8CD8-7F80D33ACCEE}.Release|Any CPU.Build.0 = Release|Any CPU
		{E90C2830-F438-4AC2-8213-BD53D7AF5F50}.Debug|Any CPU.ActiveCfg = Debug|Any CPU
		{E90C2830-F438-4AC2-8213-BD53D7AF5F50}.Debug|Any CPU.Build.0 = Debug|Any CPU
		{E90C2830-F438-4AC2-8213-BD53D7AF5F50}.Release|Any CPU.ActiveCfg = Release|Any CPU
		{E90C2830-F438-4AC2-8213-BD53D7AF5F50}.Release|Any CPU.Build.0 = Release|Any CPU
		{44B502E6-3512-4779-94F3-89AC816F58EF}.Debug|Any CPU.ActiveCfg = Debug|Any CPU
		{44B502E6-3512-4779-94F3-89AC816F58EF}.Debug|Any CPU.Build.0 = Debug|Any CPU
		{44B502E6-3512-4779-94F3-89AC816F58EF}.Release|Any CPU.ActiveCfg = Release|Any CPU
		{44B502E6-3512-4779-94F3-89AC816F58EF}.Release|Any CPU.Build.0 = Release|Any CPU
		{169A4E37-77FF-40FA-AEE0-D859B8CAFB17}.Debug|Any CPU.ActiveCfg = Debug|Any CPU
		{169A4E37-77FF-40FA-AEE0-D859B8CAFB17}.Debug|Any CPU.Build.0 = Debug|Any CPU
		{169A4E37-77FF-40FA-AEE0-D859B8CAFB17}.Release|Any CPU.ActiveCfg = Release|Any CPU
		{169A4E37-77FF-40FA-AEE0-D859B8CAFB17}.Release|Any CPU.Build.0 = Release|Any CPU
		{29672CA7-C5F8-4B38-8028-7D01DD93228A}.Debug|Any CPU.ActiveCfg = Debug|Any CPU
		{29672CA7-C5F8-4B38-8028-7D01DD93228A}.Debug|Any CPU.Build.0 = Debug|Any CPU
		{29672CA7-C5F8-4B38-8028-7D01DD93228A}.Release|Any CPU.ActiveCfg = Release|Any CPU
		{29672CA7-C5F8-4B38-8028-7D01DD93228A}.Release|Any CPU.Build.0 = Release|Any CPU
		{74FB9BDB-19CB-4C35-B80D-465B7512096B}.Debug|Any CPU.ActiveCfg = Debug|Any CPU
		{74FB9BDB-19CB-4C35-B80D-465B7512096B}.Debug|Any CPU.Build.0 = Debug|Any CPU
		{74FB9BDB-19CB-4C35-B80D-465B7512096B}.Release|Any CPU.ActiveCfg = Release|Any CPU
		{74FB9BDB-19CB-4C35-B80D-465B7512096B}.Release|Any CPU.Build.0 = Release|Any CPU
		{D28563BB-970E-4CDF-8624-C5D09257A2F3}.Debug|Any CPU.ActiveCfg = Debug|Any CPU
		{D28563BB-970E-4CDF-8624-C5D09257A2F3}.Debug|Any CPU.Build.0 = Debug|Any CPU
		{D28563BB-970E-4CDF-8624-C5D09257A2F3}.Release|Any CPU.ActiveCfg = Release|Any CPU
		{D28563BB-970E-4CDF-8624-C5D09257A2F3}.Release|Any CPU.Build.0 = Release|Any CPU
		{E4735FDF-09D6-4002-8DEB-5DFF64CA4F2A}.Debug|Any CPU.ActiveCfg = Debug|Any CPU
		{E4735FDF-09D6-4002-8DEB-5DFF64CA4F2A}.Debug|Any CPU.Build.0 = Debug|Any CPU
		{E4735FDF-09D6-4002-8DEB-5DFF64CA4F2A}.Release|Any CPU.ActiveCfg = Release|Any CPU
		{E4735FDF-09D6-4002-8DEB-5DFF64CA4F2A}.Release|Any CPU.Build.0 = Release|Any CPU
		{5E044DC9-0C64-49F8-B9F1-F4C0C65A71E8}.Debug|Any CPU.ActiveCfg = Debug|Any CPU
		{5E044DC9-0C64-49F8-B9F1-F4C0C65A71E8}.Debug|Any CPU.Build.0 = Debug|Any CPU
		{5E044DC9-0C64-49F8-B9F1-F4C0C65A71E8}.Release|Any CPU.ActiveCfg = Release|Any CPU
		{5E044DC9-0C64-49F8-B9F1-F4C0C65A71E8}.Release|Any CPU.Build.0 = Release|Any CPU
		{47460DCB-5200-4BC4-8F88-2D9F8F0E501F}.Debug|Any CPU.ActiveCfg = Debug|Any CPU
		{47460DCB-5200-4BC4-8F88-2D9F8F0E501F}.Debug|Any CPU.Build.0 = Debug|Any CPU
		{47460DCB-5200-4BC4-8F88-2D9F8F0E501F}.Release|Any CPU.ActiveCfg = Release|Any CPU
		{47460DCB-5200-4BC4-8F88-2D9F8F0E501F}.Release|Any CPU.Build.0 = Release|Any CPU
		{0B596682-FAC6-4C37-A1FD-28D9DA02AF06}.Debug|Any CPU.ActiveCfg = Debug|Any CPU
		{0B596682-FAC6-4C37-A1FD-28D9DA02AF06}.Debug|Any CPU.Build.0 = Debug|Any CPU
		{0B596682-FAC6-4C37-A1FD-28D9DA02AF06}.Release|Any CPU.ActiveCfg = Release|Any CPU
		{0B596682-FAC6-4C37-A1FD-28D9DA02AF06}.Release|Any CPU.Build.0 = Release|Any CPU
		{CA21EF2C-3786-4ACE-B758-B169343CF2CF}.Debug|Any CPU.ActiveCfg = Debug|Any CPU
		{CA21EF2C-3786-4ACE-B758-B169343CF2CF}.Debug|Any CPU.Build.0 = Debug|Any CPU
		{CA21EF2C-3786-4ACE-B758-B169343CF2CF}.Release|Any CPU.ActiveCfg = Release|Any CPU
		{CA21EF2C-3786-4ACE-B758-B169343CF2CF}.Release|Any CPU.Build.0 = Release|Any CPU
		{3D92F81B-FBFD-47CB-8D13-5881743760C4}.Debug|Any CPU.ActiveCfg = Debug|Any CPU
		{3D92F81B-FBFD-47CB-8D13-5881743760C4}.Debug|Any CPU.Build.0 = Debug|Any CPU
		{3D92F81B-FBFD-47CB-8D13-5881743760C4}.Release|Any CPU.ActiveCfg = Release|Any CPU
		{3D92F81B-FBFD-47CB-8D13-5881743760C4}.Release|Any CPU.Build.0 = Release|Any CPU
		{58527881-3D5C-4DA0-A66D-87BC9BF0B515}.Debug|Any CPU.ActiveCfg = Debug|Any CPU
		{58527881-3D5C-4DA0-A66D-87BC9BF0B515}.Debug|Any CPU.Build.0 = Debug|Any CPU
		{58527881-3D5C-4DA0-A66D-87BC9BF0B515}.Release|Any CPU.ActiveCfg = Release|Any CPU
		{58527881-3D5C-4DA0-A66D-87BC9BF0B515}.Release|Any CPU.Build.0 = Release|Any CPU
		{64B3AA9F-3B06-4BC8-9E1F-938C7AE40486}.Debug|Any CPU.ActiveCfg = Debug|Any CPU
		{64B3AA9F-3B06-4BC8-9E1F-938C7AE40486}.Debug|Any CPU.Build.0 = Debug|Any CPU
		{64B3AA9F-3B06-4BC8-9E1F-938C7AE40486}.Release|Any CPU.ActiveCfg = Release|Any CPU
		{64B3AA9F-3B06-4BC8-9E1F-938C7AE40486}.Release|Any CPU.Build.0 = Release|Any CPU
	EndGlobalSection
	GlobalSection(SolutionProperties) = preSolution
		HideSolutionNode = FALSE
	EndGlobalSection
	GlobalSection(ExtensibilityGlobals) = postSolution
		SolutionGuid = {FB93D441-D963-4175-92BD-9FB72172A1DD}
	EndGlobalSection
EndGlobal
